
Microsoft Visual Studio Solution File, Format Version 12.00
Project("{F184B08F-C81C-45F6-A57F-5ABD9991F28F}") = "StartApplications", "StartApplications.vbproj", "{067EF2A4-5F5A-4291-BC9B-C8A43642D0AB}"
EndProject
Project("{F184B08F-C81C-45F6-A57F-5ABD9991F28F}") = "StartApplications.Tests", "..\StartApplications.Tests\StartApplications.Tests.vbproj", "{9301FC0E-8AB9-4482-8037-E8EA64206305}"
EndProject
Global
	GlobalSection(SolutionConfigurationPlatforms) = preSolution
		Debug|Any CPU = Debug|Any CPU
		Release|Any CPU = Release|Any CPU
	EndGlobalSection
	GlobalSection(ProjectConfigurationPlatforms) = postSolution
		{067EF2A4-5F5A-4291-BC9B-C8A43642D0AB}.Debug|Any CPU.ActiveCfg = Debug|Any CPU
		{067EF2A4-5F5A-4291-BC9B-C8A43642D0AB}.Debug|Any CPU.Build.0 = Debug|Any CPU
		{067EF2A4-5F5A-4291-BC9B-C8A43642D0AB}.Release|Any CPU.ActiveCfg = Release|Any CPU
		{067EF2A4-5F5A-4291-BC9B-C8A43642D0AB}.Release|Any CPU.Build.0 = Release|Any CPU
		{9301FC0E-8AB9-4482-8037-E8EA64206305}.Debug|Any CPU.ActiveCfg = Debug|Any CPU
		{9301FC0E-8AB9-4482-8037-E8EA64206305}.Debug|Any CPU.Build.0 = Debug|Any CPU
		{9301FC0E-8AB9-4482-8037-E8EA64206305}.Release|Any CPU.ActiveCfg = Release|Any CPU
		{9301FC0E-8AB9-4482-8037-E8EA64206305}.Release|Any CPU.Build.0 = Release|Any CPU
	EndGlobalSection
EndGlobal
